// !$*UTF8*$!
{
	archiveVersion = 1;
	classes = {
	};
	objectVersion = 46;
	objects = {

/* Begin PBXBuildFile section */
		BE191E3F1B6AB4AE005FCE3A /* main.m in Sources */ = {isa = PBXBuildFile; fileRef = BE191E3E1B6AB4AE005FCE3A /* main.m */; };
		BE191E421B6AB4AE005FCE3A /* AppDelegate.m in Sources */ = {isa = PBXBuildFile; fileRef = BE191E411B6AB4AE005FCE3A /* AppDelegate.m */; };
		BE191E481B6AB4AE005FCE3A /* Main.storyboard in Resources */ = {isa = PBXBuildFile; fileRef = BE191E461B6AB4AE005FCE3A /* Main.storyboard */; };
		BE191E4A1B6AB4AE005FCE3A /* Images.xcassets in Resources */ = {isa = PBXBuildFile; fileRef = BE191E491B6AB4AE005FCE3A /* Images.xcassets */; };
		BE191E4D1B6AB4AE005FCE3A /* LaunchScreen.xib in Resources */ = {isa = PBXBuildFile; fileRef = BE191E4B1B6AB4AE005FCE3A /* LaunchScreen.xib */; };
		BE191E591B6AB4AE005FCE3A /* ButtonFunTests.m in Sources */ = {isa = PBXBuildFile; fileRef = BE191E581B6AB4AE005FCE3A /* ButtonFunTests.m */; };
		BE191E641B6AB561005FCE3A /* ARCMainCollectionViewController.m in Sources */ = {isa = PBXBuildFile; fileRef = BE191E631B6AB561005FCE3A /* ARCMainCollectionViewController.m */; };
/* End PBXBuildFile section */

/* Begin PBXContainerItemProxy section */
		BE191E531B6AB4AE005FCE3A /* PBXContainerItemProxy */ = {
			isa = PBXContainerItemProxy;
			containerPortal = BE191E311B6AB4AE005FCE3A /* Project object */;
			proxyType = 1;
			remoteGlobalIDString = BE191E381B6AB4AE005FCE3A;
			remoteInfo = ButtonFun;
		};
/* End PBXContainerItemProxy section */

/* Begin PBXFileReference section */
		BE191E391B6AB4AE005FCE3A /* ButtonFun.app */ = {isa = PBXFileReference; explicitFileType = wrapper.application; includeInIndex = 0; path = ButtonFun.app; sourceTree = BUILT_PRODUCTS_DIR; };
		BE191E3D1B6AB4AE005FCE3A /* Info.plist */ = {isa = PBXFileReference; lastKnownFileType = text.plist.xml; path = Info.plist; sourceTree = "<group>"; };
		BE191E3E1B6AB4AE005FCE3A /* main.m */ = {isa = PBXFileReference; lastKnownFileType = sourcecode.c.objc; path = main.m; sourceTree = "<group>"; };
		BE191E401B6AB4AE005FCE3A /* AppDelegate.h */ = {isa = PBXFileReference; lastKnownFileType = sourcecode.c.h; path = AppDelegate.h; sourceTree = "<group>"; };
		BE191E411B6AB4AE005FCE3A /* AppDelegate.m */ = {isa = PBXFileReference; lastKnownFileType = sourcecode.c.objc; path = AppDelegate.m; sourceTree = "<group>"; };
		BE191E471B6AB4AE005FCE3A /* Base */ = {isa = PBXFileReference; lastKnownFileType = file.storyboard; name = Base; path = Base.lproj/Main.storyboard; sourceTree = "<group>"; };
		BE191E491B6AB4AE005FCE3A /* Images.xcassets */ = {isa = PBXFileReference; lastKnownFileType = folder.assetcatalog; path = Images.xcassets; sourceTree = "<group>"; };
		BE191E4C1B6AB4AE005FCE3A /* Base */ = {isa = PBXFileReference; lastKnownFileType = file.xib; name = Base; path = Base.lproj/LaunchScreen.xib; sourceTree = "<group>"; };
		BE191E521B6AB4AE005FCE3A /* ButtonFunTests.xctest */ = {isa = PBXFileReference; explicitFileType = wrapper.cfbundle; includeInIndex = 0; path = ButtonFunTests.xctest; sourceTree = BUILT_PRODUCTS_DIR; };
		BE191E571B6AB4AE005FCE3A /* Info.plist */ = {isa = PBXFileReference; lastKnownFileType = text.plist.xml; path = Info.plist; sourceTree = "<group>"; };
		BE191E581B6AB4AE005FCE3A /* ButtonFunTests.m */ = {isa = PBXFileReference; lastKnownFileType = sourcecode.c.objc; path = ButtonFunTests.m; sourceTree = "<group>"; };
		BE191E621B6AB561005FCE3A /* ARCMainCollectionViewController.h */ = {isa = PBXFileReference; fileEncoding = 4; lastKnownFileType = sourcecode.c.h; path = ARCMainCollectionViewController.h; sourceTree = "<group>"; };
		BE191E631B6AB561005FCE3A /* ARCMainCollectionViewController.m */ = {isa = PBXFileReference; fileEncoding = 4; lastKnownFileType = sourcecode.c.objc; path = ARCMainCollectionViewController.m; sourceTree = "<group>"; };
/* End PBXFileReference section */

/* Begin PBXFrameworksBuildPhase section */
		BE191E361B6AB4AE005FCE3A /* Frameworks */ = {
			isa = PBXFrameworksBuildPhase;
			buildActionMask = 2147483647;
			files = (
			);
			runOnlyForDeploymentPostprocessing = 0;
		};
		BE191E4F1B6AB4AE005FCE3A /* Frameworks */ = {
			isa = PBXFrameworksBuildPhase;
			buildActionMask = 2147483647;
			files = (
			);
			runOnlyForDeploymentPostprocessing = 0;
		};
/* End PBXFrameworksBuildPhase section */

/* Begin PBXGroup section */
		BE191E301B6AB4AE005FCE3A = {
			isa = PBXGroup;
			children = (
				BE191E3B1B6AB4AE005FCE3A /* ButtonFun */,
				BE191E551B6AB4AE005FCE3A /* ButtonFunTests */,
				BE191E3A1B6AB4AE005FCE3A /* Products */,
			);
			sourceTree = "<group>";
		};
		BE191E3A1B6AB4AE005FCE3A /* Products */ = {
			isa = PBXGroup;
			children = (
				BE191E391B6AB4AE005FCE3A /* ButtonFun.app */,
				BE191E521B6AB4AE005FCE3A /* ButtonFunTests.xctest */,
			);
			name = Products;
			sourceTree = "<group>";
		};
		BE191E3B1B6AB4AE005FCE3A /* ButtonFun */ = {
			isa = PBXGroup;
			children = (
				BE191E401B6AB4AE005FCE3A /* AppDelegate.h */,
				BE191E411B6AB4AE005FCE3A /* AppDelegate.m */,
				BE191E461B6AB4AE005FCE3A /* Main.storyboard */,
				BE191E491B6AB4AE005FCE3A /* Images.xcassets */,
				BE191E4B1B6AB4AE005FCE3A /* LaunchScreen.xib */,
				BE191E3C1B6AB4AE005FCE3A /* Supporting Files */,
				BE191E621B6AB561005FCE3A /* ARCMainCollectionViewController.h */,
				BE191E631B6AB561005FCE3A /* ARCMainCollectionViewController.m */,
			);
			path = ButtonFun;
			sourceTree = "<group>";
		};
		BE191E3C1B6AB4AE005FCE3A /* Supporting Files */ = {
			isa = PBXGroup;
			children = (
				BE191E3D1B6AB4AE005FCE3A /* Info.plist */,
				BE191E3E1B6AB4AE005FCE3A /* main.m */,
			);
			name = "Supporting Files";
			sourceTree = "<group>";
		};
		BE191E551B6AB4AE005FCE3A /* ButtonFunTests */ = {
			isa = PBXGroup;
			children = (
				BE191E581B6AB4AE005FCE3A /* ButtonFunTests.m */,
				BE191E561B6AB4AE005FCE3A /* Supporting Files */,
			);
			path = ButtonFunTests;
			sourceTree = "<group>";
		};
		BE191E561B6AB4AE005FCE3A /* Supporting Files */ = {
			isa = PBXGroup;
			children = (
				BE191E571B6AB4AE005FCE3A /* Info.plist */,
			);
			name = "Supporting Files";
			sourceTree = "<group>";
		};
/* End PBXGroup section */

/* Begin PBXNativeTarget section */
		BE191E381B6AB4AE005FCE3A /* ButtonFun */ = {
			isa = PBXNativeTarget;
			buildConfigurationList = BE191E5C1B6AB4AE005FCE3A /* Build configuration list for PBXNativeTarget "ButtonFun" */;
			buildPhases = (
				BE191E351B6AB4AE005FCE3A /* Sources */,
				BE191E361B6AB4AE005FCE3A /* Frameworks */,
				BE191E371B6AB4AE005FCE3A /* Resources */,
			);
			buildRules = (
			);
			dependencies = (
			);
			name = ButtonFun;
			productName = ButtonFun;
			productReference = BE191E391B6AB4AE005FCE3A /* ButtonFun.app */;
			productType = "com.apple.product-type.application";
		};
		BE191E511B6AB4AE005FCE3A /* ButtonFunTests */ = {
			isa = PBXNativeTarget;
			buildConfigurationList = BE191E5F1B6AB4AE005FCE3A /* Build configuration list for PBXNativeTarget "ButtonFunTests" */;
			buildPhases = (
				BE191E4E1B6AB4AE005FCE3A /* Sources */,
				BE191E4F1B6AB4AE005FCE3A /* Frameworks */,
				BE191E501B6AB4AE005FCE3A /* Resources */,
			);
			buildRules = (
			);
			dependencies = (
				BE191E541B6AB4AE005FCE3A /* PBXTargetDependency */,
			);
			name = ButtonFunTests;
			productName = ButtonFunTests;
			productReference = BE191E521B6AB4AE005FCE3A /* ButtonFunTests.xctest */;
			productType = "com.apple.product-type.bundle.unit-test";
		};
/* End PBXNativeTarget section */

/* Begin PBXProject section */
		BE191E311B6AB4AE005FCE3A /* Project object */ = {
			isa = PBXProject;
			attributes = {
				LastUpgradeCheck = 0640;
				ORGANIZATIONNAME = SuperflousJazzHands;
				TargetAttributes = {
					BE191E381B6AB4AE005FCE3A = {
						CreatedOnToolsVersion = 6.4;
					};
					BE191E511B6AB4AE005FCE3A = {
						CreatedOnToolsVersion = 6.4;
						TestTargetID = BE191E381B6AB4AE005FCE3A;
					};
				};
			};
			buildConfigurationList = BE191E341B6AB4AE005FCE3A /* Build configuration list for PBXProject "ButtonFun" */;
			compatibilityVersion = "Xcode 3.2";
			developmentRegion = English;
			hasScannedForEncodings = 0;
			knownRegions = (
				en,
				Base,
			);
			mainGroup = BE191E301B6AB4AE005FCE3A;
			productRefGroup = BE191E3A1B6AB4AE005FCE3A /* Products */;
			projectDirPath = "";
			projectRoot = "";
			targets = (
				BE191E381B6AB4AE005FCE3A /* ButtonFun */,
				BE191E511B6AB4AE005FCE3A /* ButtonFunTests */,
			);
		};
/* End PBXProject section */

/* Begin PBXResourcesBuildPhase section */
		BE191E371B6AB4AE005FCE3A /* Resources */ = {
			isa = PBXResourcesBuildPhase;
			buildActionMask = 2147483647;
			files = (
				BE191E481B6AB4AE005FCE3A /* Main.storyboard in Resources */,
				BE191E4D1B6AB4AE005FCE3A /* LaunchScreen.xib in Resources */,
				BE191E4A1B6AB4AE005FCE3A /* Images.xcassets in Resources */,
			);
			runOnlyForDeploymentPostprocessing = 0;
		};
		BE191E501B6AB4AE005FCE3A /* Resources */ = {
			isa = PBXResourcesBuildPhase;
			buildActionMask = 2147483647;
			files = (
			);
			runOnlyForDeploymentPostprocessing = 0;
		};
/* End PBXResourcesBuildPhase section */

/* Begin PBXSourcesBuildPhase section */
		BE191E351B6AB4AE005FCE3A /* Sources */ = {
			isa = PBXSourcesBuildPhase;
			buildActionMask = 2147483647;
			files = (
				BE191E421B6AB4AE005FCE3A /* AppDelegate.m in Sources */,
				BE191E3F1B6AB4AE005FCE3A /* main.m in Sources */,
				BE191E641B6AB561005FCE3A /* ARCMainCollectionViewController.m in Sources */,
			);
			runOnlyForDeploymentPostprocessing = 0;
		};
		BE191E4E1B6AB4AE005FCE3A /* Sources */ = {
			isa = PBXSourcesBuildPhase;
			buildActionMask = 2147483647;
			files = (
				BE191E591B6AB4AE005FCE3A /* ButtonFunTests.m in Sources */,
			);
			runOnlyForDeploymentPostprocessing = 0;
		};
/* End PBXSourcesBuildPhase section */

/* Begin PBXTargetDependency section */
		BE191E541B6AB4AE005FCE3A /* PBXTargetDependency */ = {
			isa = PBXTargetDependency;
			target = BE191E381B6AB4AE005FCE3A /* ButtonFun */;
			targetProxy = BE191E531B6AB4AE005FCE3A /* PBXContainerItemProxy */;
		};
/* End PBXTargetDependency section */

/* Begin PBXVariantGroup section */
		BE191E461B6AB4AE005FCE3A /* Main.storyboard */ = {
			isa = PBXVariantGroup;
			children = (
				BE191E471B6AB4AE005FCE3A /* Base */,
			);
			name = Main.storyboard;
			sourceTree = "<group>";
		};
		BE191E4B1B6AB4AE005FCE3A /* LaunchScreen.xib */ = {
			isa = PBXVariantGroup;
			children = (
				BE191E4C1B6AB4AE005FCE3A /* Base */,
			);
			name = LaunchScreen.xib;
			sourceTree = "<group>";
		};
/* End PBXVariantGroup section */

/* Begin XCBuildConfiguration section */
		BE191E5A1B6AB4AE005FCE3A /* Debug */ = {
			isa = XCBuildConfiguration;
			buildSettings = {
				ALWAYS_SEARCH_USER_PATHS = NO;
				CLANG_CXX_LANGUAGE_STANDARD = "gnu++0x";
				CLANG_CXX_LIBRARY = "libc++";
				CLANG_ENABLE_MODULES = YES;
				CLANG_ENABLE_OBJC_ARC = YES;
				CLANG_WARN_BOOL_CONVERSION = YES;
				CLANG_WARN_CONSTANT_CONVERSION = YES;
				CLANG_WARN_DIRECT_OBJC_ISA_USAGE = YES_ERROR;
				CLANG_WARN_EMPTY_BODY = YES;
				CLANG_WARN_ENUM_CONVERSION = YES;
				CLANG_WARN_INT_CONVERSION = YES;
				CLANG_WARN_OBJC_ROOT_CLASS = YES_ERROR;
				CLANG_WARN_UNREACHABLE_CODE = YES;
				CLANG_WARN__DUPLICATE_METHOD_MATCH = YES;
				"CODE_SIGN_IDENTITY[sdk=iphoneos*]" = "iPhone Developer";
				COPY_PHASE_STRIP = NO;
				DEBUG_INFORMATION_FORMAT = "dwarf-with-dsym";
				ENABLE_STRICT_OBJC_MSGSEND = YES;
				GCC_C_LANGUAGE_STANDARD = gnu99;
				GCC_DYNAMIC_NO_PIC = NO;
				GCC_NO_COMMON_BLOCKS = YES;
				GCC_OPTIMIZATION_LEVEL = 0;
				GCC_PREPROCESSOR_DEFINITIONS = (
					"DEBUG=1",
					"$(inherited)",
				);
				GCC_SYMBOLS_PRIVATE_EXTERN = NO;
				GCC_WARN_64_TO_32_BIT_CONVERSION = YES;
				GCC_WARN_ABOUT_RETURN_TYPE = YES_ERROR;
				GCC_WARN_UNDECLARED_SELECTOR = YES;
				GCC_WARN_UNINITIALIZED_AUTOS = YES_AGGRESSIVE;
				GCC_WARN_UNUSED_FUNCTION = YES;
				GCC_WARN_UNUSED_VARIABLE = YES;
				IPHONEOS_DEPLOYMENT_TARGET = 8.4;
				MTL_ENABLE_DEBUG_INFO = YES;
				ONLY_ACTIVE_ARCH = YES;
				SDKROOT = iphoneos;
				TARGETED_DEVICE_FAMILY = "1,2";
			};
			name = Debug;
		};
		BE191E5B1B6AB4AE005FCE3A /* Release */ = {
			isa = XCBuildConfiguration;
			buildSettings = {
				ALWAYS_SEARCH_USER_PATHS = NO;
				CLANG_CXX_LANGUAGE_STANDARD = "gnu++0x";
				CLANG_CXX_LIBRARY = "libc++";
				CLANG_ENABLE_MODULES = YES;
				CLANG_ENABLE_OBJC_ARC = YES;
				CLANG_WARN_BOOL_CONVERSION = YES;
				CLANG_WARN_CONSTANT_CONVERSION = YES;
				CLANG_WARN_DIRECT_OBJC_ISA_USAGE = YES_ERROR;
				CLANG_WARN_EMPTY_BODY = YES;
				CLANG_WARN_ENUM_CONVERSION = YES;
				CLANG_WARN_INT_CONVERSION = YES;
				CLANG_WARN_OBJC_ROOT_CLASS = YES_ERROR;
				CLANG_WARN_UNREACHABLE_CODE = YES;
				CLANG_WARN__DUPLICATE_METHOD_MATCH = YES;
				"CODE_SIGN_IDENTITY[sdk=iphoneos*]" = "iPhone Developer";
				COPY_PHASE_STRIP = NO;
				DEBUG_INFORMATION_FORMAT = "dwarf-with-dsym";
				ENABLE_NS_ASSERTIONS = NO;
				ENABLE_STRICT_OBJC_MSGSEND = YES;
				GCC_C_LANGUAGE_STANDARD = gnu99;
				GCC_NO_COMMON_BLOCKS = YES;
				GCC_WARN_64_TO_32_BIT_CONVERSION = YES;
				GCC_WARN_ABOUT_RETURN_TYPE = YES_ERROR;
				GCC_WARN_UNDECLARED_SELECTOR = YES;
				GCC_WARN_UNINITIALIZED_AUTOS = YES_AGGRESSIVE;
				GCC_WARN_UNUSED_FUNCTION = YES;
				GCC_WARN_UNUSED_VARIABLE = YES;
				IPHONEOS_DEPLOYMENT_TARGET = 8.4;
				MTL_ENABLE_DEBUG_INFO = NO;
				SDKROOT = iphoneos;
				TARGETED_DEVICE_FAMILY = "1,2";
				VALIDATE_PRODUCT = YES;
			};
			name = Release;
		};
		BE191E5D1B6AB4AE005FCE3A /* Debug */ = {
			isa = XCBuildConfiguration;
			buildSettings = {
				ASSETCATALOG_COMPILER_APPICON_NAME = AppIcon;
				INFOPLIST_FILE = ButtonFun/Info.plist;
				LD_RUNPATH_SEARCH_PATHS = "$(inherited) @executable_path/Frameworks";
				PRODUCT_NAME = "$(TARGET_NAME)";
			};
			name = Debug;
		};
		BE191E5E1B6AB4AE005FCE3A /* Release */ = {
			isa = XCBuildConfiguration;
			buildSettings = {
				ASSETCATALOG_COMPILER_APPICON_NAME = AppIcon;
				INFOPLIST_FILE = ButtonFun/Info.plist;
				LD_RUNPATH_SEARCH_PATHS = "$(inherited) @executable_path/Frameworks";
				PRODUCT_NAME = "$(TARGET_NAME)";
			};
			name = Release;
		};
		BE191E601B6AB4AE005FCE3A /* Debug */ = {
			isa = XCBuildConfiguration;
			buildSettings = {
				BUNDLE_LOADER = "$(TEST_HOST)";
				FRAMEWORK_SEARCH_PATHS = (
					"$(SDKROOT)/Developer/Library/Frameworks",
					"$(inherited)",
				);
				GCC_PREPROCESSOR_DEFINITIONS = (
					"DEBUG=1",
					"$(inherited)",
				);
				INFOPLIST_FILE = ButtonFunTests/Info.plist;
				LD_RUNPATH_SEARCH_PATHS = "$(inherited) @executable_path/Frameworks @loader_path/Frameworks";
				PRODUCT_NAME = "$(TARGET_NAME)";
				TEST_HOST = "$(BUILT_PRODUCTS_DIR)/ButtonFun.app/ButtonFun";
			};
			name = Debug;
		};
		BE191E611B6AB4AE005FCE3A /* Release */ = {
			isa = XCBuildConfiguration;
			buildSettings = {
				BUNDLE_LOADER = "$(TEST_HOST)";
				FRAMEWORK_SEARCH_PATHS = (
					"$(SDKROOT)/Developer/Library/Frameworks",
					"$(inherited)",
				);
				INFOPLIST_FILE = ButtonFunTests/Info.plist;
				LD_RUNPATH_SEARCH_PATHS = "$(inherited) @executable_path/Frameworks @loader_path/Frameworks";
				PRODUCT_NAME = "$(TARGET_NAME)";
				TEST_HOST = "$(BUILT_PRODUCTS_DIR)/ButtonFun.app/ButtonFun";
			};
			name = Release;
		};
/* End XCBuildConfiguration section */

/* Begin XCConfigurationList section */
		BE191E341B6AB4AE005FCE3A /* Build configuration list for PBXProject "ButtonFun" */ = {
			isa = XCConfigurationList;
			buildConfigurations = (
				BE191E5A1B6AB4AE005FCE3A /* Debug */,
				BE191E5B1B6AB4AE005FCE3A /* Release */,
			);
			defaultConfigurationIsVisible = 0;
			defaultConfigurationName = Release;
		};
		BE191E5C1B6AB4AE005FCE3A /* Build configuration list for PBXNativeTarget "ButtonFun" */ = {
			isa = XCConfigurationList;
			buildConfigurations = (
				BE191E5D1B6AB4AE005FCE3A /* Debug */,
				BE191E5E1B6AB4AE005FCE3A /* Release */,
			);
			defaultConfigurationIsVisible = 0;
		};
		BE191E5F1B6AB4AE005FCE3A /* Build configuration list for PBXNativeTarget "ButtonFunTests" */ = {
			isa = XCConfigurationList;
			buildConfigurations = (
				BE191E601B6AB4AE005FCE3A /* Debug */,
				BE191E611B6AB4AE005FCE3A /* Release */,
			);
			defaultConfigurationIsVisible = 0;
		};
/* End XCConfigurationList section */
	};
	rootObject = BE191E311B6AB4AE005FCE3A /* Project object */;
}
