// !$*UTF8*$!
{
	archiveVersion = 1;
	classes = {
	};
	objectVersion = 46;
	objects = {

/* Begin PBXBuildFile section */
		37D1EA1F19FC1EDA00CF4330 /* main.m in Sources */ = {isa = PBXBuildFile; fileRef = 37D1EA1E19FC1EDA00CF4330 /* main.m */; };
		37D1EA2219FC1EDA00CF4330 /* AppDelegate.m in Sources */ = {isa = PBXBuildFile; fileRef = 37D1EA2119FC1EDA00CF4330 /* AppDelegate.m */; };
		37D1EA2D19FC1EDA00CF4330 /* LaunchScreen.xib in Resources */ = {isa = PBXBuildFile; fileRef = 37D1EA2B19FC1EDA00CF4330 /* LaunchScreen.xib */; };
		37D1EA3919FC1EDA00CF4330 /* ButtonFunTests.m in Sources */ = {isa = PBXBuildFile; fileRef = 37D1EA3819FC1EDA00CF4330 /* ButtonFunTests.m */; };
		37F2DD4319FC206200B940C5 /* MainViewController.m in Sources */ = {isa = PBXBuildFile; fileRef = 37F2DD4119FC206200B940C5 /* MainViewController.m */; };
		37F2DD4419FC206200B940C5 /* MainViewController.xib in Resources */ = {isa = PBXBuildFile; fileRef = 37F2DD4219FC206200B940C5 /* MainViewController.xib */; };
		37F2DD4819FC21A300B940C5 /* NSLayoutConstraint+Helpers.m in Sources */ = {isa = PBXBuildFile; fileRef = 37F2DD4719FC21A300B940C5 /* NSLayoutConstraint+Helpers.m */; };
		37F2DD4B19FC227700B940C5 /* CompactFlowLayout.m in Sources */ = {isa = PBXBuildFile; fileRef = 37F2DD4A19FC227700B940C5 /* CompactFlowLayout.m */; };
		37F2DD4E19FC23B200B940C5 /* Images.xcassets in Resources */ = {isa = PBXBuildFile; fileRef = 37F2DD4D19FC23B200B940C5 /* Images.xcassets */; };
/* End PBXBuildFile section */

/* Begin PBXContainerItemProxy section */
		37D1EA3319FC1EDA00CF4330 /* PBXContainerItemProxy */ = {
			isa = PBXContainerItemProxy;
			containerPortal = 37D1EA1119FC1EDA00CF4330 /* Project object */;
			proxyType = 1;
			remoteGlobalIDString = 37D1EA1819FC1EDA00CF4330;
			remoteInfo = ButtonFun;
		};
/* End PBXContainerItemProxy section */

/* Begin PBXFileReference section */
		37D1EA1919FC1EDA00CF4330 /* ButtonFun.app */ = {isa = PBXFileReference; explicitFileType = wrapper.application; includeInIndex = 0; path = ButtonFun.app; sourceTree = BUILT_PRODUCTS_DIR; };
		37D1EA1D19FC1EDA00CF4330 /* Info.plist */ = {isa = PBXFileReference; lastKnownFileType = text.plist.xml; path = Info.plist; sourceTree = "<group>"; };
		37D1EA1E19FC1EDA00CF4330 /* main.m */ = {isa = PBXFileReference; lastKnownFileType = sourcecode.c.objc; path = main.m; sourceTree = "<group>"; };
		37D1EA2019FC1EDA00CF4330 /* AppDelegate.h */ = {isa = PBXFileReference; lastKnownFileType = sourcecode.c.h; path = AppDelegate.h; sourceTree = "<group>"; };
		37D1EA2119FC1EDA00CF4330 /* AppDelegate.m */ = {isa = PBXFileReference; lastKnownFileType = sourcecode.c.objc; path = AppDelegate.m; sourceTree = "<group>"; };
		37D1EA2C19FC1EDA00CF4330 /* Base */ = {isa = PBXFileReference; lastKnownFileType = file.xib; name = Base; path = Base.lproj/LaunchScreen.xib; sourceTree = "<group>"; };
		37D1EA3219FC1EDA00CF4330 /* ButtonFunTests.xctest */ = {isa = PBXFileReference; explicitFileType = wrapper.cfbundle; includeInIndex = 0; path = ButtonFunTests.xctest; sourceTree = BUILT_PRODUCTS_DIR; };
		37D1EA3719FC1EDA00CF4330 /* Info.plist */ = {isa = PBXFileReference; lastKnownFileType = text.plist.xml; path = Info.plist; sourceTree = "<group>"; };
		37D1EA3819FC1EDA00CF4330 /* ButtonFunTests.m */ = {isa = PBXFileReference; lastKnownFileType = sourcecode.c.objc; path = ButtonFunTests.m; sourceTree = "<group>"; };
		37F2DD4019FC206200B940C5 /* MainViewController.h */ = {isa = PBXFileReference; fileEncoding = 4; lastKnownFileType = sourcecode.c.h; path = MainViewController.h; sourceTree = "<group>"; };
		37F2DD4119FC206200B940C5 /* MainViewController.m */ = {isa = PBXFileReference; fileEncoding = 4; lastKnownFileType = sourcecode.c.objc; path = MainViewController.m; sourceTree = "<group>"; };
		37F2DD4219FC206200B940C5 /* MainViewController.xib */ = {isa = PBXFileReference; fileEncoding = 4; lastKnownFileType = file.xib; path = MainViewController.xib; sourceTree = "<group>"; };
		37F2DD4619FC21A300B940C5 /* NSLayoutConstraint+Helpers.h */ = {isa = PBXFileReference; fileEncoding = 4; lastKnownFileType = sourcecode.c.h; path = "NSLayoutConstraint+Helpers.h"; sourceTree = "<group>"; };
		37F2DD4719FC21A300B940C5 /* NSLayoutConstraint+Helpers.m */ = {isa = PBXFileReference; fileEncoding = 4; lastKnownFileType = sourcecode.c.objc; path = "NSLayoutConstraint+Helpers.m"; sourceTree = "<group>"; };
		37F2DD4919FC227700B940C5 /* CompactFlowLayout.h */ = {isa = PBXFileReference; fileEncoding = 4; lastKnownFileType = sourcecode.c.h; path = CompactFlowLayout.h; sourceTree = "<group>"; };
		37F2DD4A19FC227700B940C5 /* CompactFlowLayout.m */ = {isa = PBXFileReference; fileEncoding = 4; lastKnownFileType = sourcecode.c.objc; path = CompactFlowLayout.m; sourceTree = "<group>"; };
		37F2DD4D19FC23B200B940C5 /* Images.xcassets */ = {isa = PBXFileReference; lastKnownFileType = folder.assetcatalog; path = Images.xcassets; sourceTree = "<group>"; };
/* End PBXFileReference section */

/* Begin PBXFrameworksBuildPhase section */
		37D1EA1619FC1EDA00CF4330 /* Frameworks */ = {
			isa = PBXFrameworksBuildPhase;
			buildActionMask = 2147483647;
			files = (
			);
			runOnlyForDeploymentPostprocessing = 0;
		};
		37D1EA2F19FC1EDA00CF4330 /* Frameworks */ = {
			isa = PBXFrameworksBuildPhase;
			buildActionMask = 2147483647;
			files = (
			);
			runOnlyForDeploymentPostprocessing = 0;
		};
/* End PBXFrameworksBuildPhase section */

/* Begin PBXGroup section */
		37D1EA1019FC1EDA00CF4330 = {
			isa = PBXGroup;
			children = (
				37D1EA1B19FC1EDA00CF4330 /* ButtonFun */,
				37F2DD4C19FC231300B940C5 /* Resources */,
				37D1EA3519FC1EDA00CF4330 /* ButtonFunTests */,
				37D1EA1A19FC1EDA00CF4330 /* Products */,
				37D1EA1C19FC1EDA00CF4330 /* Supporting Files */,
			);
			sourceTree = "<group>";
		};
		37D1EA1A19FC1EDA00CF4330 /* Products */ = {
			isa = PBXGroup;
			children = (
				37D1EA1919FC1EDA00CF4330 /* ButtonFun.app */,
				37D1EA3219FC1EDA00CF4330 /* ButtonFunTests.xctest */,
			);
			name = Products;
			sourceTree = "<group>";
		};
		37D1EA1B19FC1EDA00CF4330 /* ButtonFun */ = {
			isa = PBXGroup;
			children = (
				37D1EA2019FC1EDA00CF4330 /* AppDelegate.h */,
				37D1EA2119FC1EDA00CF4330 /* AppDelegate.m */,
				37F2DD4519FC218900B940C5 /* Helpers */,
				37F2DD3F19FC202200B940C5 /* GUI */,
			);
			path = ButtonFun;
			sourceTree = "<group>";
		};
		37D1EA1C19FC1EDA00CF4330 /* Supporting Files */ = {
			isa = PBXGroup;
			children = (
				37D1EA1D19FC1EDA00CF4330 /* Info.plist */,
				37D1EA1E19FC1EDA00CF4330 /* main.m */,
			);
			name = "Supporting Files";
			path = ButtonFun;
			sourceTree = "<group>";
		};
		37D1EA3519FC1EDA00CF4330 /* ButtonFunTests */ = {
			isa = PBXGroup;
			children = (
				37D1EA3819FC1EDA00CF4330 /* ButtonFunTests.m */,
				37D1EA3619FC1EDA00CF4330 /* Supporting Files */,
			);
			path = ButtonFunTests;
			sourceTree = "<group>";
		};
		37D1EA3619FC1EDA00CF4330 /* Supporting Files */ = {
			isa = PBXGroup;
			children = (
				37D1EA3719FC1EDA00CF4330 /* Info.plist */,
			);
			name = "Supporting Files";
			sourceTree = "<group>";
		};
		37F2DD3F19FC202200B940C5 /* GUI */ = {
			isa = PBXGroup;
			children = (
				37F2DD4919FC227700B940C5 /* CompactFlowLayout.h */,
				37F2DD4A19FC227700B940C5 /* CompactFlowLayout.m */,
				37D1EA2B19FC1EDA00CF4330 /* LaunchScreen.xib */,
				37F2DD4019FC206200B940C5 /* MainViewController.h */,
				37F2DD4119FC206200B940C5 /* MainViewController.m */,
				37F2DD4219FC206200B940C5 /* MainViewController.xib */,
			);
			name = GUI;
			sourceTree = "<group>";
		};
		37F2DD4519FC218900B940C5 /* Helpers */ = {
			isa = PBXGroup;
			children = (
				37F2DD4619FC21A300B940C5 /* NSLayoutConstraint+Helpers.h */,
				37F2DD4719FC21A300B940C5 /* NSLayoutConstraint+Helpers.m */,
			);
			name = Helpers;
			sourceTree = "<group>";
		};
		37F2DD4C19FC231300B940C5 /* Resources */ = {
			isa = PBXGroup;
			children = (
				37F2DD4D19FC23B200B940C5 /* Images.xcassets */,
			);
			name = Resources;
			path = ButtonFun;
			sourceTree = "<group>";
		};
/* End PBXGroup section */

/* Begin PBXNativeTarget section */
		37D1EA1819FC1EDA00CF4330 /* ButtonFun */ = {
			isa = PBXNativeTarget;
			buildConfigurationList = 37D1EA3C19FC1EDA00CF4330 /* Build configuration list for PBXNativeTarget "ButtonFun" */;
			buildPhases = (
				37D1EA1519FC1EDA00CF4330 /* Sources */,
				37D1EA1619FC1EDA00CF4330 /* Frameworks */,
				37D1EA1719FC1EDA00CF4330 /* Resources */,
			);
			buildRules = (
			);
			dependencies = (
			);
			name = ButtonFun;
			productName = ButtonFun;
			productReference = 37D1EA1919FC1EDA00CF4330 /* ButtonFun.app */;
			productType = "com.apple.product-type.application";
		};
		37D1EA3119FC1EDA00CF4330 /* ButtonFunTests */ = {
			isa = PBXNativeTarget;
			buildConfigurationList = 37D1EA3F19FC1EDA00CF4330 /* Build configuration list for PBXNativeTarget "ButtonFunTests" */;
			buildPhases = (
				37D1EA2E19FC1EDA00CF4330 /* Sources */,
				37D1EA2F19FC1EDA00CF4330 /* Frameworks */,
				37D1EA3019FC1EDA00CF4330 /* Resources */,
			);
			buildRules = (
			);
			dependencies = (
				37D1EA3419FC1EDA00CF4330 /* PBXTargetDependency */,
			);
			name = ButtonFunTests;
			productName = ButtonFunTests;
			productReference = 37D1EA3219FC1EDA00CF4330 /* ButtonFunTests.xctest */;
			productType = "com.apple.product-type.bundle.unit-test";
		};
/* End PBXNativeTarget section */

/* Begin PBXProject section */
		37D1EA1119FC1EDA00CF4330 /* Project object */ = {
			isa = PBXProject;
			attributes = {
				LastUpgradeCheck = 0610;
				ORGANIZATIONNAME = "Greg Schommer";
				TargetAttributes = {
					37D1EA1819FC1EDA00CF4330 = {
						CreatedOnToolsVersion = 6.1;
					};
					37D1EA3119FC1EDA00CF4330 = {
						CreatedOnToolsVersion = 6.1;
						TestTargetID = 37D1EA1819FC1EDA00CF4330;
					};
				};
			};
			buildConfigurationList = 37D1EA1419FC1EDA00CF4330 /* Build configuration list for PBXProject "ButtonFun" */;
			compatibilityVersion = "Xcode 3.2";
			developmentRegion = English;
			hasScannedForEncodings = 0;
			knownRegions = (
				en,
				Base,
			);
			mainGroup = 37D1EA1019FC1EDA00CF4330;
			productRefGroup = 37D1EA1A19FC1EDA00CF4330 /* Products */;
			projectDirPath = "";
			projectRoot = "";
			targets = (
				37D1EA1819FC1EDA00CF4330 /* ButtonFun */,
				37D1EA3119FC1EDA00CF4330 /* ButtonFunTests */,
			);
		};
/* End PBXProject section */

/* Begin PBXResourcesBuildPhase section */
		37D1EA1719FC1EDA00CF4330 /* Resources */ = {
			isa = PBXResourcesBuildPhase;
			buildActionMask = 2147483647;
			files = (
				37F2DD4E19FC23B200B940C5 /* Images.xcassets in Resources */,
				37D1EA2D19FC1EDA00CF4330 /* LaunchScreen.xib in Resources */,
				37F2DD4419FC206200B940C5 /* MainViewController.xib in Resources */,
			);
			runOnlyForDeploymentPostprocessing = 0;
		};
		37D1EA3019FC1EDA00CF4330 /* Resources */ = {
			isa = PBXResourcesBuildPhase;
			buildActionMask = 2147483647;
			files = (
			);
			runOnlyForDeploymentPostprocessing = 0;
		};
/* End PBXResourcesBuildPhase section */

/* Begin PBXSourcesBuildPhase section */
		37D1EA1519FC1EDA00CF4330 /* Sources */ = {
			isa = PBXSourcesBuildPhase;
			buildActionMask = 2147483647;
			files = (
				37D1EA2219FC1EDA00CF4330 /* AppDelegate.m in Sources */,
				37F2DD4819FC21A300B940C5 /* NSLayoutConstraint+Helpers.m in Sources */,
				37F2DD4319FC206200B940C5 /* MainViewController.m in Sources */,
				37D1EA1F19FC1EDA00CF4330 /* main.m in Sources */,
				37F2DD4B19FC227700B940C5 /* CompactFlowLayout.m in Sources */,
			);
			runOnlyForDeploymentPostprocessing = 0;
		};
		37D1EA2E19FC1EDA00CF4330 /* Sources */ = {
			isa = PBXSourcesBuildPhase;
			buildActionMask = 2147483647;
			files = (
				37D1EA3919FC1EDA00CF4330 /* ButtonFunTests.m in Sources */,
			);
			runOnlyForDeploymentPostprocessing = 0;
		};
/* End PBXSourcesBuildPhase section */

/* Begin PBXTargetDependency section */
		37D1EA3419FC1EDA00CF4330 /* PBXTargetDependency */ = {
			isa = PBXTargetDependency;
			target = 37D1EA1819FC1EDA00CF4330 /* ButtonFun */;
			targetProxy = 37D1EA3319FC1EDA00CF4330 /* PBXContainerItemProxy */;
		};
/* End PBXTargetDependency section */

/* Begin PBXVariantGroup section */
		37D1EA2B19FC1EDA00CF4330 /* LaunchScreen.xib */ = {
			isa = PBXVariantGroup;
			children = (
				37D1EA2C19FC1EDA00CF4330 /* Base */,
			);
			name = LaunchScreen.xib;
			sourceTree = "<group>";
		};
/* End PBXVariantGroup section */

/* Begin XCBuildConfiguration section */
		37D1EA3A19FC1EDA00CF4330 /* Debug */ = {
			isa = XCBuildConfiguration;
			buildSettings = {
				ALWAYS_SEARCH_USER_PATHS = NO;
				CLANG_CXX_LANGUAGE_STANDARD = "gnu++0x";
				CLANG_CXX_LIBRARY = "libc++";
				CLANG_ENABLE_MODULES = YES;
				CLANG_ENABLE_OBJC_ARC = YES;
				CLANG_WARN_BOOL_CONVERSION = YES;
				CLANG_WARN_CONSTANT_CONVERSION = YES;
				CLANG_WARN_DIRECT_OBJC_ISA_USAGE = YES_ERROR;
				CLANG_WARN_EMPTY_BODY = YES;
				CLANG_WARN_ENUM_CONVERSION = YES;
				CLANG_WARN_INT_CONVERSION = YES;
				CLANG_WARN_OBJC_ROOT_CLASS = YES_ERROR;
				CLANG_WARN_UNREACHABLE_CODE = YES;
				CLANG_WARN__DUPLICATE_METHOD_MATCH = YES;
				"CODE_SIGN_IDENTITY[sdk=iphoneos*]" = "iPhone Developer";
				COPY_PHASE_STRIP = NO;
				ENABLE_STRICT_OBJC_MSGSEND = YES;
				GCC_C_LANGUAGE_STANDARD = gnu99;
				GCC_DYNAMIC_NO_PIC = NO;
				GCC_OPTIMIZATION_LEVEL = 0;
				GCC_PREPROCESSOR_DEFINITIONS = (
					"DEBUG=1",
					"$(inherited)",
				);
				GCC_SYMBOLS_PRIVATE_EXTERN = NO;
				GCC_WARN_64_TO_32_BIT_CONVERSION = YES;
				GCC_WARN_ABOUT_RETURN_TYPE = YES_ERROR;
				GCC_WARN_UNDECLARED_SELECTOR = YES;
				GCC_WARN_UNINITIALIZED_AUTOS = YES_AGGRESSIVE;
				GCC_WARN_UNUSED_FUNCTION = YES;
				GCC_WARN_UNUSED_VARIABLE = YES;
				IPHONEOS_DEPLOYMENT_TARGET = 8.1;
				MTL_ENABLE_DEBUG_INFO = YES;
				ONLY_ACTIVE_ARCH = YES;
				SDKROOT = iphoneos;
				TARGETED_DEVICE_FAMILY = "1,2";
			};
			name = Debug;
		};
		37D1EA3B19FC1EDA00CF4330 /* Release */ = {
			isa = XCBuildConfiguration;
			buildSettings = {
				ALWAYS_SEARCH_USER_PATHS = NO;
				CLANG_CXX_LANGUAGE_STANDARD = "gnu++0x";
				CLANG_CXX_LIBRARY = "libc++";
				CLANG_ENABLE_MODULES = YES;
				CLANG_ENABLE_OBJC_ARC = YES;
				CLANG_WARN_BOOL_CONVERSION = YES;
				CLANG_WARN_CONSTANT_CONVERSION = YES;
				CLANG_WARN_DIRECT_OBJC_ISA_USAGE = YES_ERROR;
				CLANG_WARN_EMPTY_BODY = YES;
				CLANG_WARN_ENUM_CONVERSION = YES;
				CLANG_WARN_INT_CONVERSION = YES;
				CLANG_WARN_OBJC_ROOT_CLASS = YES_ERROR;
				CLANG_WARN_UNREACHABLE_CODE = YES;
				CLANG_WARN__DUPLICATE_METHOD_MATCH = YES;
				"CODE_SIGN_IDENTITY[sdk=iphoneos*]" = "iPhone Developer";
				COPY_PHASE_STRIP = YES;
				ENABLE_NS_ASSERTIONS = NO;
				ENABLE_STRICT_OBJC_MSGSEND = YES;
				GCC_C_LANGUAGE_STANDARD = gnu99;
				GCC_WARN_64_TO_32_BIT_CONVERSION = YES;
				GCC_WARN_ABOUT_RETURN_TYPE = YES_ERROR;
				GCC_WARN_UNDECLARED_SELECTOR = YES;
				GCC_WARN_UNINITIALIZED_AUTOS = YES_AGGRESSIVE;
				GCC_WARN_UNUSED_FUNCTION = YES;
				GCC_WARN_UNUSED_VARIABLE = YES;
				IPHONEOS_DEPLOYMENT_TARGET = 8.1;
				MTL_ENABLE_DEBUG_INFO = NO;
				SDKROOT = iphoneos;
				TARGETED_DEVICE_FAMILY = "1,2";
				VALIDATE_PRODUCT = YES;
			};
			name = Release;
		};
		37D1EA3D19FC1EDA00CF4330 /* Debug */ = {
			isa = XCBuildConfiguration;
			buildSettings = {
				ASSETCATALOG_COMPILER_APPICON_NAME = AppIcon;
				INFOPLIST_FILE = ButtonFun/Info.plist;
				LD_RUNPATH_SEARCH_PATHS = "$(inherited) @executable_path/Frameworks";
				PRODUCT_NAME = "$(TARGET_NAME)";
			};
			name = Debug;
		};
		37D1EA3E19FC1EDA00CF4330 /* Release */ = {
			isa = XCBuildConfiguration;
			buildSettings = {
				ASSETCATALOG_COMPILER_APPICON_NAME = AppIcon;
				INFOPLIST_FILE = ButtonFun/Info.plist;
				LD_RUNPATH_SEARCH_PATHS = "$(inherited) @executable_path/Frameworks";
				PRODUCT_NAME = "$(TARGET_NAME)";
			};
			name = Release;
		};
		37D1EA4019FC1EDA00CF4330 /* Debug */ = {
			isa = XCBuildConfiguration;
			buildSettings = {
				BUNDLE_LOADER = "$(TEST_HOST)";
				FRAMEWORK_SEARCH_PATHS = (
					"$(SDKROOT)/Developer/Library/Frameworks",
					"$(inherited)",
				);
				GCC_PREPROCESSOR_DEFINITIONS = (
					"DEBUG=1",
					"$(inherited)",
				);
				INFOPLIST_FILE = ButtonFunTests/Info.plist;
				LD_RUNPATH_SEARCH_PATHS = "$(inherited) @executable_path/Frameworks @loader_path/Frameworks";
				PRODUCT_NAME = "$(TARGET_NAME)";
				TEST_HOST = "$(BUILT_PRODUCTS_DIR)/ButtonFun.app/ButtonFun";
			};
			name = Debug;
		};
		37D1EA4119FC1EDA00CF4330 /* Release */ = {
			isa = XCBuildConfiguration;
			buildSettings = {
				BUNDLE_LOADER = "$(TEST_HOST)";
				FRAMEWORK_SEARCH_PATHS = (
					"$(SDKROOT)/Developer/Library/Frameworks",
					"$(inherited)",
				);
				INFOPLIST_FILE = ButtonFunTests/Info.plist;
				LD_RUNPATH_SEARCH_PATHS = "$(inherited) @executable_path/Frameworks @loader_path/Frameworks";
				PRODUCT_NAME = "$(TARGET_NAME)";
				TEST_HOST = "$(BUILT_PRODUCTS_DIR)/ButtonFun.app/ButtonFun";
			};
			name = Release;
		};
/* End XCBuildConfiguration section */

/* Begin XCConfigurationList section */
		37D1EA1419FC1EDA00CF4330 /* Build configuration list for PBXProject "ButtonFun" */ = {
			isa = XCConfigurationList;
			buildConfigurations = (
				37D1EA3A19FC1EDA00CF4330 /* Debug */,
				37D1EA3B19FC1EDA00CF4330 /* Release */,
			);
			defaultConfigurationIsVisible = 0;
			defaultConfigurationName = Release;
		};
		37D1EA3C19FC1EDA00CF4330 /* Build configuration list for PBXNativeTarget "ButtonFun" */ = {
			isa = XCConfigurationList;
			buildConfigurations = (
				37D1EA3D19FC1EDA00CF4330 /* Debug */,
				37D1EA3E19FC1EDA00CF4330 /* Release */,
			);
			defaultConfigurationIsVisible = 0;
			defaultConfigurationName = Release;
		};
		37D1EA3F19FC1EDA00CF4330 /* Build configuration list for PBXNativeTarget "ButtonFunTests" */ = {
			isa = XCConfigurationList;
			buildConfigurations = (
				37D1EA4019FC1EDA00CF4330 /* Debug */,
				37D1EA4119FC1EDA00CF4330 /* Release */,
			);
			defaultConfigurationIsVisible = 0;
			defaultConfigurationName = Release;
		};
/* End XCConfigurationList section */
	};
	rootObject = 37D1EA1119FC1EDA00CF4330 /* Project object */;
}
